
Microsoft Visual Studio Solution File, Format Version 12.00
# Visual Studio Version 17
VisualStudioVersion = 17.7.34302.85
MinimumVisualStudioVersion = 10.0.40219.1
Project("{FAE04EC0-301F-11D3-BF4B-00C04F79EFBC}") = "Editor", "Editor.csproj", "{D0D2A0D4-5A6E-4E08-8385-7D3A770C70FB}"
EndProject
Global
	GlobalSection(SolutionConfigurationPlatforms) = preSolution
		Debug|Any CPU = Debug|Any CPU
		Release|Any CPU = Release|Any CPU
	EndGlobalSection
	GlobalSection(ProjectConfigurationPlatforms) = postSolution
		{D0D2A0D4-5A6E-4E08-8385-7D3A770C70FB}.Debug|Any CPU.ActiveCfg = Debug|Any CPU
		{D0D2A0D4-5A6E-4E08-8385-7D3A770C70FB}.Debug|Any CPU.Build.0 = Debug|Any CPU
		{D0D2A0D4-5A6E-4E08-8385-7D3A770C70FB}.Release|Any CPU.ActiveCfg = Release|Any CPU
		{D0D2A0D4-5A6E-4E08-8385-7D3A770C70FB}.Release|Any CPU.Build.0 = Release|Any CPU
	EndGlobalSection
	GlobalSection(SolutionProperties) = preSolution
		HideSolutionNode = FALSE
	EndGlobalSection
	GlobalSection(ExtensibilityGlobals) = postSolution
		SolutionGuid = {706335DE-BE14-4883-A2A3-37FBF74C8448}
	EndGlobalSection
EndGlobal
